// !$*UTF8*$!
{
	archiveVersion = 1;
	classes = {
	};
	objectVersion = 46;
	objects = {

/* Begin PBXBuildFile section */
		DCFE99372214692A000FE85B /* main.m in Sources */ = {isa = PBXBuildFile; fileRef = DCFE99362214692A000FE85B /* main.m */; };
		DCFE993A2214692A000FE85B /* AppDelegate.m in Sources */ = {isa = PBXBuildFile; fileRef = DCFE99392214692A000FE85B /* AppDelegate.m */; };
		DCFE99412214692A000FE85B /* GameScene.m in Sources */ = {isa = PBXBuildFile; fileRef = DCFE99402214692A000FE85B /* GameScene.m */; };
		DCFE99442214692A000FE85B /* GameViewController.m in Sources */ = {isa = PBXBuildFile; fileRef = DCFE99432214692A000FE85B /* GameViewController.m */; };
		DCFE99472214692A000FE85B /* Main.storyboard in Resources */ = {isa = PBXBuildFile; fileRef = DCFE99452214692A000FE85B /* Main.storyboard */; };
		DCFE99492214692A000FE85B /* Assets.xcassets in Resources */ = {isa = PBXBuildFile; fileRef = DCFE99482214692A000FE85B /* Assets.xcassets */; };
		DCFE994C2214692A000FE85B /* LaunchScreen.storyboard in Resources */ = {isa = PBXBuildFile; fileRef = DCFE994A2214692A000FE85B /* LaunchScreen.storyboard */; };
		DCFE99572214692A000FE85B /* _048Tests.m in Sources */ = {isa = PBXBuildFile; fileRef = DCFE99562214692A000FE85B /* _048Tests.m */; };
		DCFE99622214692A000FE85B /* _048UITests.m in Sources */ = {isa = PBXBuildFile; fileRef = DCFE99612214692A000FE85B /* _048UITests.m */; };
		DCFE99712214696D000FE85B /* Tile.m in Sources */ = {isa = PBXBuildFile; fileRef = DCFE99702214696D000FE85B /* Tile.m */; };
/* End PBXBuildFile section */

/* Begin PBXContainerItemProxy section */
		DCFE99532214692A000FE85B /* PBXContainerItemProxy */ = {
			isa = PBXContainerItemProxy;
			containerPortal = DCFE992A2214692A000FE85B /* Project object */;
			proxyType = 1;
			remoteGlobalIDString = DCFE99312214692A000FE85B;
			remoteInfo = 2048;
		};
		DCFE995E2214692A000FE85B /* PBXContainerItemProxy */ = {
			isa = PBXContainerItemProxy;
			containerPortal = DCFE992A2214692A000FE85B /* Project object */;
			proxyType = 1;
			remoteGlobalIDString = DCFE99312214692A000FE85B;
			remoteInfo = 2048;
		};
/* End PBXContainerItemProxy section */

/* Begin PBXFileReference section */
		DCFE99322214692A000FE85B /* 2048.app */ = {isa = PBXFileReference; explicitFileType = wrapper.application; includeInIndex = 0; path = 2048.app; sourceTree = BUILT_PRODUCTS_DIR; };
		DCFE99362214692A000FE85B /* main.m */ = {isa = PBXFileReference; lastKnownFileType = sourcecode.c.objc; path = main.m; sourceTree = "<group>"; };
		DCFE99382214692A000FE85B /* AppDelegate.h */ = {isa = PBXFileReference; lastKnownFileType = sourcecode.c.h; path = AppDelegate.h; sourceTree = "<group>"; };
		DCFE99392214692A000FE85B /* AppDelegate.m */ = {isa = PBXFileReference; lastKnownFileType = sourcecode.c.objc; path = AppDelegate.m; sourceTree = "<group>"; };
		DCFE993F2214692A000FE85B /* GameScene.h */ = {isa = PBXFileReference; lastKnownFileType = sourcecode.c.h; path = GameScene.h; sourceTree = "<group>"; };
		DCFE99402214692A000FE85B /* GameScene.m */ = {isa = PBXFileReference; lastKnownFileType = sourcecode.c.objc; path = GameScene.m; sourceTree = "<group>"; };
		DCFE99422214692A000FE85B /* GameViewController.h */ = {isa = PBXFileReference; lastKnownFileType = sourcecode.c.h; path = GameViewController.h; sourceTree = "<group>"; };
		DCFE99432214692A000FE85B /* GameViewController.m */ = {isa = PBXFileReference; lastKnownFileType = sourcecode.c.objc; path = GameViewController.m; sourceTree = "<group>"; };
		DCFE99462214692A000FE85B /* Base */ = {isa = PBXFileReference; lastKnownFileType = file.storyboard; name = Base; path = Base.lproj/Main.storyboard; sourceTree = "<group>"; };
		DCFE99482214692A000FE85B /* Assets.xcassets */ = {isa = PBXFileReference; lastKnownFileType = folder.assetcatalog; path = Assets.xcassets; sourceTree = "<group>"; };
		DCFE994B2214692A000FE85B /* Base */ = {isa = PBXFileReference; lastKnownFileType = file.storyboard; name = Base; path = Base.lproj/LaunchScreen.storyboard; sourceTree = "<group>"; };
		DCFE994D2214692A000FE85B /* Info.plist */ = {isa = PBXFileReference; lastKnownFileType = text.plist.xml; path = Info.plist; sourceTree = "<group>"; };
		DCFE99522214692A000FE85B /* 2048Tests.xctest */ = {isa = PBXFileReference; explicitFileType = wrapper.cfbundle; includeInIndex = 0; path = 2048Tests.xctest; sourceTree = BUILT_PRODUCTS_DIR; };
		DCFE99562214692A000FE85B /* _048Tests.m */ = {isa = PBXFileReference; lastKnownFileType = sourcecode.c.objc; path = _048Tests.m; sourceTree = "<group>"; };
		DCFE99582214692A000FE85B /* Info.plist */ = {isa = PBXFileReference; lastKnownFileType = text.plist.xml; path = Info.plist; sourceTree = "<group>"; };
		DCFE995D2214692A000FE85B /* 2048UITests.xctest */ = {isa = PBXFileReference; explicitFileType = wrapper.cfbundle; includeInIndex = 0; path = 2048UITests.xctest; sourceTree = BUILT_PRODUCTS_DIR; };
		DCFE99612214692A000FE85B /* _048UITests.m */ = {isa = PBXFileReference; lastKnownFileType = sourcecode.c.objc; path = _048UITests.m; sourceTree = "<group>"; };
		DCFE99632214692A000FE85B /* Info.plist */ = {isa = PBXFileReference; lastKnownFileType = text.plist.xml; path = Info.plist; sourceTree = "<group>"; };
		DCFE996F22146952000FE85B /* Tile.h */ = {isa = PBXFileReference; lastKnownFileType = sourcecode.c.h; path = Tile.h; sourceTree = "<group>"; };
		DCFE99702214696D000FE85B /* Tile.m */ = {isa = PBXFileReference; fileEncoding = 4; lastKnownFileType = sourcecode.c.objc; path = Tile.m; sourceTree = "<group>"; };
/* End PBXFileReference section */

/* Begin PBXFrameworksBuildPhase section */
		DCFE992F2214692A000FE85B /* Frameworks */ = {
			isa = PBXFrameworksBuildPhase;
			buildActionMask = 2147483647;
			files = (
			);
			runOnlyForDeploymentPostprocessing = 0;
		};
		DCFE994F2214692A000FE85B /* Frameworks */ = {
			isa = PBXFrameworksBuildPhase;
			buildActionMask = 2147483647;
			files = (
			);
			runOnlyForDeploymentPostprocessing = 0;
		};
		DCFE995A2214692A000FE85B /* Frameworks */ = {
			isa = PBXFrameworksBuildPhase;
			buildActionMask = 2147483647;
			files = (
			);
			runOnlyForDeploymentPostprocessing = 0;
		};
/* End PBXFrameworksBuildPhase section */

/* Begin PBXGroup section */
		DCFE99292214692A000FE85B = {
			isa = PBXGroup;
			children = (
				DCFE99342214692A000FE85B /* 2048 */,
				DCFE99552214692A000FE85B /* 2048Tests */,
				DCFE99602214692A000FE85B /* 2048UITests */,
				DCFE99332214692A000FE85B /* Products */,
			);
			sourceTree = "<group>";
		};
		DCFE99332214692A000FE85B /* Products */ = {
			isa = PBXGroup;
			children = (
				DCFE99322214692A000FE85B /* 2048.app */,
				DCFE99522214692A000FE85B /* 2048Tests.xctest */,
				DCFE995D2214692A000FE85B /* 2048UITests.xctest */,
			);
			name = Products;
			sourceTree = "<group>";
		};
		DCFE99342214692A000FE85B /* 2048 */ = {
			isa = PBXGroup;
			children = (
				DCFE99382214692A000FE85B /* AppDelegate.h */,
				DCFE99392214692A000FE85B /* AppDelegate.m */,
				DCFE993F2214692A000FE85B /* GameScene.h */,
				DCFE99402214692A000FE85B /* GameScene.m */,
				DCFE996F22146952000FE85B /* Tile.h */,
				DCFE99702214696D000FE85B /* Tile.m */,
				DCFE99422214692A000FE85B /* GameViewController.h */,
				DCFE99432214692A000FE85B /* GameViewController.m */,
				DCFE99452214692A000FE85B /* Main.storyboard */,
				DCFE99482214692A000FE85B /* Assets.xcassets */,
				DCFE994A2214692A000FE85B /* LaunchScreen.storyboard */,
				DCFE994D2214692A000FE85B /* Info.plist */,
				DCFE99352214692A000FE85B /* Supporting Files */,
			);
			path = 2048;
			sourceTree = "<group>";
		};
		DCFE99352214692A000FE85B /* Supporting Files */ = {
			isa = PBXGroup;
			children = (
				DCFE99362214692A000FE85B /* main.m */,
			);
			name = "Supporting Files";
			sourceTree = "<group>";
		};
		DCFE99552214692A000FE85B /* 2048Tests */ = {
			isa = PBXGroup;
			children = (
				DCFE99562214692A000FE85B /* _048Tests.m */,
				DCFE99582214692A000FE85B /* Info.plist */,
			);
			path = 2048Tests;
			sourceTree = "<group>";
		};
		DCFE99602214692A000FE85B /* 2048UITests */ = {
			isa = PBXGroup;
			children = (
				DCFE99612214692A000FE85B /* _048UITests.m */,
				DCFE99632214692A000FE85B /* Info.plist */,
			);
			path = 2048UITests;
			sourceTree = "<group>";
		};
/* End PBXGroup section */

/* Begin PBXNativeTarget section */
		DCFE99312214692A000FE85B /* 2048 */ = {
			isa = PBXNativeTarget;
			buildConfigurationList = DCFE99662214692A000FE85B /* Build configuration list for PBXNativeTarget "2048" */;
			buildPhases = (
				DCFE992E2214692A000FE85B /* Sources */,
				DCFE992F2214692A000FE85B /* Frameworks */,
				DCFE99302214692A000FE85B /* Resources */,
			);
			buildRules = (
			);
			dependencies = (
			);
			name = 2048;
			productName = 2048;
			productReference = DCFE99322214692A000FE85B /* 2048.app */;
			productType = "com.apple.product-type.application";
		};
		DCFE99512214692A000FE85B /* 2048Tests */ = {
			isa = PBXNativeTarget;
			buildConfigurationList = DCFE99692214692A000FE85B /* Build configuration list for PBXNativeTarget "2048Tests" */;
			buildPhases = (
				DCFE994E2214692A000FE85B /* Sources */,
				DCFE994F2214692A000FE85B /* Frameworks */,
				DCFE99502214692A000FE85B /* Resources */,
			);
			buildRules = (
			);
			dependencies = (
				DCFE99542214692A000FE85B /* PBXTargetDependency */,
			);
			name = 2048Tests;
			productName = 2048Tests;
			productReference = DCFE99522214692A000FE85B /* 2048Tests.xctest */;
			productType = "com.apple.product-type.bundle.unit-test";
		};
		DCFE995C2214692A000FE85B /* 2048UITests */ = {
			isa = PBXNativeTarget;
			buildConfigurationList = DCFE996C2214692A000FE85B /* Build configuration list for PBXNativeTarget "2048UITests" */;
			buildPhases = (
				DCFE99592214692A000FE85B /* Sources */,
				DCFE995A2214692A000FE85B /* Frameworks */,
				DCFE995B2214692A000FE85B /* Resources */,
			);
			buildRules = (
			);
			dependencies = (
				DCFE995F2214692A000FE85B /* PBXTargetDependency */,
			);
			name = 2048UITests;
			productName = 2048UITests;
			productReference = DCFE995D2214692A000FE85B /* 2048UITests.xctest */;
			productType = "com.apple.product-type.bundle.ui-testing";
		};
/* End PBXNativeTarget section */

/* Begin PBXProject section */
		DCFE992A2214692A000FE85B /* Project object */ = {
			isa = PBXProject;
			attributes = {
				LastUpgradeCheck = 0820;
				ORGANIZATIONNAME = "Sean Bourke";
				TargetAttributes = {
					DCFE99312214692A000FE85B = {
						CreatedOnToolsVersion = 8.2.1;
						ProvisioningStyle = Automatic;
					};
					DCFE99512214692A000FE85B = {
						CreatedOnToolsVersion = 8.2.1;
						ProvisioningStyle = Automatic;
						TestTargetID = DCFE99312214692A000FE85B;
					};
					DCFE995C2214692A000FE85B = {
						CreatedOnToolsVersion = 8.2.1;
						ProvisioningStyle = Automatic;
						TestTargetID = DCFE99312214692A000FE85B;
					};
				};
			};
			buildConfigurationList = DCFE992D2214692A000FE85B /* Build configuration list for PBXProject "2048" */;
			compatibilityVersion = "Xcode 3.2";
			developmentRegion = English;
			hasScannedForEncodings = 0;
			knownRegions = (
				en,
				Base,
			);
			mainGroup = DCFE99292214692A000FE85B;
			productRefGroup = DCFE99332214692A000FE85B /* Products */;
			projectDirPath = "";
			projectRoot = "";
			targets = (
				DCFE99312214692A000FE85B /* 2048 */,
				DCFE99512214692A000FE85B /* 2048Tests */,
				DCFE995C2214692A000FE85B /* 2048UITests */,
			);
		};
/* End PBXProject section */

/* Begin PBXResourcesBuildPhase section */
		DCFE99302214692A000FE85B /* Resources */ = {
			isa = PBXResourcesBuildPhase;
			buildActionMask = 2147483647;
			files = (
				DCFE99472214692A000FE85B /* Main.storyboard in Resources */,
				DCFE99492214692A000FE85B /* Assets.xcassets in Resources */,
				DCFE994C2214692A000FE85B /* LaunchScreen.storyboard in Resources */,
			);
			runOnlyForDeploymentPostprocessing = 0;
		};
		DCFE99502214692A000FE85B /* Resources */ = {
			isa = PBXResourcesBuildPhase;
			buildActionMask = 2147483647;
			files = (
			);
			runOnlyForDeploymentPostprocessing = 0;
		};
		DCFE995B2214692A000FE85B /* Resources */ = {
			isa = PBXResourcesBuildPhase;
			buildActionMask = 2147483647;
			files = (
			);
			runOnlyForDeploymentPostprocessing = 0;
		};
/* End PBXResourcesBuildPhase section */

/* Begin PBXSourcesBuildPhase section */
		DCFE992E2214692A000FE85B /* Sources */ = {
			isa = PBXSourcesBuildPhase;
			buildActionMask = 2147483647;
			files = (
				DCFE99712214696D000FE85B /* Tile.m in Sources */,
				DCFE99442214692A000FE85B /* GameViewController.m in Sources */,
				DCFE993A2214692A000FE85B /* AppDelegate.m in Sources */,
				DCFE99412214692A000FE85B /* GameScene.m in Sources */,
				DCFE99372214692A000FE85B /* main.m in Sources */,
			);
			runOnlyForDeploymentPostprocessing = 0;
		};
		DCFE994E2214692A000FE85B /* Sources */ = {
			isa = PBXSourcesBuildPhase;
			buildActionMask = 2147483647;
			files = (
				DCFE99572214692A000FE85B /* _048Tests.m in Sources */,
			);
			runOnlyForDeploymentPostprocessing = 0;
		};
		DCFE99592214692A000FE85B /* Sources */ = {
			isa = PBXSourcesBuildPhase;
			buildActionMask = 2147483647;
			files = (
				DCFE99622214692A000FE85B /* _048UITests.m in Sources */,
			);
			runOnlyForDeploymentPostprocessing = 0;
		};
/* End PBXSourcesBuildPhase section */

/* Begin PBXTargetDependency section */
		DCFE99542214692A000FE85B /* PBXTargetDependency */ = {
			isa = PBXTargetDependency;
			target = DCFE99312214692A000FE85B /* 2048 */;
			targetProxy = DCFE99532214692A000FE85B /* PBXContainerItemProxy */;
		};
		DCFE995F2214692A000FE85B /* PBXTargetDependency */ = {
			isa = PBXTargetDependency;
			target = DCFE99312214692A000FE85B /* 2048 */;
			targetProxy = DCFE995E2214692A000FE85B /* PBXContainerItemProxy */;
		};
/* End PBXTargetDependency section */

/* Begin PBXVariantGroup section */
		DCFE99452214692A000FE85B /* Main.storyboard */ = {
			isa = PBXVariantGroup;
			children = (
				DCFE99462214692A000FE85B /* Base */,
			);
			name = Main.storyboard;
			sourceTree = "<group>";
		};
		DCFE994A2214692A000FE85B /* LaunchScreen.storyboard */ = {
			isa = PBXVariantGroup;
			children = (
				DCFE994B2214692A000FE85B /* Base */,
			);
			name = LaunchScreen.storyboard;
			sourceTree = "<group>";
		};
/* End PBXVariantGroup section */

/* Begin XCBuildConfiguration section */
		DCFE99642214692A000FE85B /* Debug */ = {
			isa = XCBuildConfiguration;
			buildSettings = {
				ALWAYS_SEARCH_USER_PATHS = NO;
				CLANG_ANALYZER_NONNULL = YES;
				CLANG_CXX_LANGUAGE_STANDARD = "gnu++0x";
				CLANG_CXX_LIBRARY = "libc++";
				CLANG_ENABLE_MODULES = YES;
				CLANG_ENABLE_OBJC_ARC = YES;
				CLANG_WARN_BOOL_CONVERSION = YES;
				CLANG_WARN_CONSTANT_CONVERSION = YES;
				CLANG_WARN_DIRECT_OBJC_ISA_USAGE = YES_ERROR;
				CLANG_WARN_DOCUMENTATION_COMMENTS = YES;
				CLANG_WARN_EMPTY_BODY = YES;
				CLANG_WARN_ENUM_CONVERSION = YES;
				CLANG_WARN_INFINITE_RECURSION = YES;
				CLANG_WARN_INT_CONVERSION = YES;
				CLANG_WARN_OBJC_ROOT_CLASS = YES_ERROR;
				CLANG_WARN_SUSPICIOUS_MOVE = YES;
				CLANG_WARN_UNREACHABLE_CODE = YES;
				CLANG_WARN__DUPLICATE_METHOD_MATCH = YES;
				"CODE_SIGN_IDENTITY[sdk=iphoneos*]" = "iPhone Developer";
				COPY_PHASE_STRIP = NO;
				DEBUG_INFORMATION_FORMAT = dwarf;
				ENABLE_STRICT_OBJC_MSGSEND = YES;
				ENABLE_TESTABILITY = YES;
				GCC_C_LANGUAGE_STANDARD = gnu99;
				GCC_DYNAMIC_NO_PIC = NO;
				GCC_NO_COMMON_BLOCKS = YES;
				GCC_OPTIMIZATION_LEVEL = 0;
				GCC_PREPROCESSOR_DEFINITIONS = (
					"DEBUG=1",
					"$(inherited)",
				);
				GCC_WARN_64_TO_32_BIT_CONVERSION = YES;
				GCC_WARN_ABOUT_RETURN_TYPE = YES_ERROR;
				GCC_WARN_UNDECLARED_SELECTOR = YES;
				GCC_WARN_UNINITIALIZED_AUTOS = YES_AGGRESSIVE;
				GCC_WARN_UNUSED_FUNCTION = YES;
				GCC_WARN_UNUSED_VARIABLE = YES;
				IPHONEOS_DEPLOYMENT_TARGET = 10.2;
				MTL_ENABLE_DEBUG_INFO = YES;
				ONLY_ACTIVE_ARCH = YES;
				SDKROOT = iphoneos;
				TARGETED_DEVICE_FAMILY = "1,2";
			};
			name = Debug;
		};
		DCFE99652214692A000FE85B /* Release */ = {
			isa = XCBuildConfiguration;
			buildSettings = {
				ALWAYS_SEARCH_USER_PATHS = NO;
				CLANG_ANALYZER_NONNULL = YES;
				CLANG_CXX_LANGUAGE_STANDARD = "gnu++0x";
				CLANG_CXX_LIBRARY = "libc++";
				CLANG_ENABLE_MODULES = YES;
				CLANG_ENABLE_OBJC_ARC = YES;
				CLANG_WARN_BOOL_CONVERSION = YES;
				CLANG_WARN_CONSTANT_CONVERSION = YES;
				CLANG_WARN_DIRECT_OBJC_ISA_USAGE = YES_ERROR;
				CLANG_WARN_DOCUMENTATION_COMMENTS = YES;
				CLANG_WARN_EMPTY_BODY = YES;
				CLANG_WARN_ENUM_CONVERSION = YES;
				CLANG_WARN_INFINITE_RECURSION = YES;
				CLANG_WARN_INT_CONVERSION = YES;
				CLANG_WARN_OBJC_ROOT_CLASS = YES_ERROR;
				CLANG_WARN_SUSPICIOUS_MOVE = YES;
				CLANG_WARN_UNREACHABLE_CODE = YES;
				CLANG_WARN__DUPLICATE_METHOD_MATCH = YES;
				"CODE_SIGN_IDENTITY[sdk=iphoneos*]" = "iPhone Developer";
				COPY_PHASE_STRIP = NO;
				DEBUG_INFORMATION_FORMAT = "dwarf-with-dsym";
				ENABLE_NS_ASSERTIONS = NO;
				ENABLE_STRICT_OBJC_MSGSEND = YES;
				GCC_C_LANGUAGE_STANDARD = gnu99;
				GCC_NO_COMMON_BLOCKS = YES;
				GCC_WARN_64_TO_32_BIT_CONVERSION = YES;
				GCC_WARN_ABOUT_RETURN_TYPE = YES_ERROR;
				GCC_WARN_UNDECLARED_SELECTOR = YES;
				GCC_WARN_UNINITIALIZED_AUTOS = YES_AGGRESSIVE;
				GCC_WARN_UNUSED_FUNCTION = YES;
				GCC_WARN_UNUSED_VARIABLE = YES;
				IPHONEOS_DEPLOYMENT_TARGET = 10.2;
				MTL_ENABLE_DEBUG_INFO = NO;
				SDKROOT = iphoneos;
				TARGETED_DEVICE_FAMILY = "1,2";
				VALIDATE_PRODUCT = YES;
			};
			name = Release;
		};
		DCFE99672214692A000FE85B /* Debug */ = {
			isa = XCBuildConfiguration;
			buildSettings = {
				ASSETCATALOG_COMPILER_APPICON_NAME = AppIcon;
				INFOPLIST_FILE = 2048/Info.plist;
				LD_RUNPATH_SEARCH_PATHS = "$(inherited) @executable_path/Frameworks";
				PRODUCT_BUNDLE_IDENTIFIER = "Sean-Bourke.-048";
				PRODUCT_NAME = "$(TARGET_NAME)";
			};
			name = Debug;
		};
		DCFE99682214692A000FE85B /* Release */ = {
			isa = XCBuildConfiguration;
			buildSettings = {
				ASSETCATALOG_COMPILER_APPICON_NAME = AppIcon;
				INFOPLIST_FILE = 2048/Info.plist;
				LD_RUNPATH_SEARCH_PATHS = "$(inherited) @executable_path/Frameworks";
				PRODUCT_BUNDLE_IDENTIFIER = "Sean-Bourke.-048";
				PRODUCT_NAME = "$(TARGET_NAME)";
			};
			name = Release;
		};
		DCFE996A2214692A000FE85B /* Debug */ = {
			isa = XCBuildConfiguration;
			buildSettings = {
				BUNDLE_LOADER = "$(TEST_HOST)";
				INFOPLIST_FILE = 2048Tests/Info.plist;
				LD_RUNPATH_SEARCH_PATHS = "$(inherited) @executable_path/Frameworks @loader_path/Frameworks";
				PRODUCT_BUNDLE_IDENTIFIER = "Sean-Bourke.-048Tests";
				PRODUCT_NAME = "$(TARGET_NAME)";
				TEST_HOST = "$(BUILT_PRODUCTS_DIR)/2048.app/2048";
			};
			name = Debug;
		};
		DCFE996B2214692A000FE85B /* Release */ = {
			isa = XCBuildConfiguration;
			buildSettings = {
				BUNDLE_LOADER = "$(TEST_HOST)";
				INFOPLIST_FILE = 2048Tests/Info.plist;
				LD_RUNPATH_SEARCH_PATHS = "$(inherited) @executable_path/Frameworks @loader_path/Frameworks";
				PRODUCT_BUNDLE_IDENTIFIER = "Sean-Bourke.-048Tests";
				PRODUCT_NAME = "$(TARGET_NAME)";
				TEST_HOST = "$(BUILT_PRODUCTS_DIR)/2048.app/2048";
			};
			name = Release;
		};
		DCFE996D2214692A000FE85B /* Debug */ = {
			isa = XCBuildConfiguration;
			buildSettings = {
				INFOPLIST_FILE = 2048UITests/Info.plist;
				LD_RUNPATH_SEARCH_PATHS = "$(inherited) @executable_path/Frameworks @loader_path/Frameworks";
				PRODUCT_BUNDLE_IDENTIFIER = "Sean-Bourke.-048UITests";
				PRODUCT_NAME = "$(TARGET_NAME)";
				TEST_TARGET_NAME = 2048;
			};
			name = Debug;
		};
		DCFE996E2214692A000FE85B /* Release */ = {
			isa = XCBuildConfiguration;
			buildSettings = {
				INFOPLIST_FILE = 2048UITests/Info.plist;
				LD_RUNPATH_SEARCH_PATHS = "$(inherited) @executable_path/Frameworks @loader_path/Frameworks";
				PRODUCT_BUNDLE_IDENTIFIER = "Sean-Bourke.-048UITests";
				PRODUCT_NAME = "$(TARGET_NAME)";
				TEST_TARGET_NAME = 2048;
			};
			name = Release;
		};
/* End XCBuildConfiguration section */

/* Begin XCConfigurationList section */
		DCFE992D2214692A000FE85B /* Build configuration list for PBXProject "2048" */ = {
			isa = XCConfigurationList;
			buildConfigurations = (
				DCFE99642214692A000FE85B /* Debug */,
				DCFE99652214692A000FE85B /* Release */,
			);
			defaultConfigurationIsVisible = 0;
			defaultConfigurationName = Release;
		};
		DCFE99662214692A000FE85B /* Build configuration list for PBXNativeTarget "2048" */ = {
			isa = XCConfigurationList;
			buildConfigurations = (
				DCFE99672214692A000FE85B /* Debug */,
				DCFE99682214692A000FE85B /* Release */,
			);
			defaultConfigurationIsVisible = 0;
		};
		DCFE99692214692A000FE85B /* Build configuration list for PBXNativeTarget "2048Tests" */ = {
			isa = XCConfigurationList;
			buildConfigurations = (
				DCFE996A2214692A000FE85B /* Debug */,
				DCFE996B2214692A000FE85B /* Release */,
			);
			defaultConfigurationIsVisible = 0;
		};
		DCFE996C2214692A000FE85B /* Build configuration list for PBXNativeTarget "2048UITests" */ = {
			isa = XCConfigurationList;
			buildConfigurations = (
				DCFE996D2214692A000FE85B /* Debug */,
				DCFE996E2214692A000FE85B /* Release */,
			);
			defaultConfigurationIsVisible = 0;
		};
/* End XCConfigurationList section */
	};
	rootObject = DCFE992A2214692A000FE85B /* Project object */;
}
